
Microsoft Visual Studio Solution File, Format Version 12.00
# Visual Studio 15
VisualStudioVersion = 15.0.26124.0
MinimumVisualStudioVersion = 15.0.26124.0
Project("{FAE04EC0-301F-11D3-BF4B-00C04F79EFBC}") = "OutdoorProducts", "OutdoorProducts\OutdoorProducts.csproj", "{8C48CB16-BA12-49F5-81E6-35C049C959EE}"
EndProject
Project("{FAE04EC0-301F-11D3-BF4B-00C04F79EFBC}") = "OutdoorProducts.Tests", "OutdoorProducts.Tests\OutdoorProducts.Tests.csproj", "{4DDE8761-F4BE-4125-9D9A-E9D18FD181D7}"
EndProject
Global
	GlobalSection(SolutionConfigurationPlatforms) = preSolution
		Debug|Any CPU = Debug|Any CPU
		Debug|x64 = Debug|x64
		Debug|x86 = Debug|x86
		Release|Any CPU = Release|Any CPU
		Release|x64 = Release|x64
		Release|x86 = Release|x86
	EndGlobalSection
	GlobalSection(SolutionProperties) = preSolution
		HideSolutionNode = FALSE
	EndGlobalSection
	GlobalSection(ProjectConfigurationPlatforms) = postSolution
		{8C48CB16-BA12-49F5-81E6-35C049C959EE}.Debug|Any CPU.ActiveCfg = Debug|Any CPU
		{8C48CB16-BA12-49F5-81E6-35C049C959EE}.Debug|Any CPU.Build.0 = Debug|Any CPU
		{8C48CB16-BA12-49F5-81E6-35C049C959EE}.Debug|x64.ActiveCfg = Debug|Any CPU
		{8C48CB16-BA12-49F5-81E6-35C049C959EE}.Debug|x64.Build.0 = Debug|Any CPU
		{8C48CB16-BA12-49F5-81E6-35C049C959EE}.Debug|x86.ActiveCfg = Debug|Any CPU
		{8C48CB16-BA12-49F5-81E6-35C049C959EE}.Debug|x86.Build.0 = Debug|Any CPU
		{8C48CB16-BA12-49F5-81E6-35C049C959EE}.Release|Any CPU.ActiveCfg = Release|Any CPU
		{8C48CB16-BA12-49F5-81E6-35C049C959EE}.Release|Any CPU.Build.0 = Release|Any CPU
		{8C48CB16-BA12-49F5-81E6-35C049C959EE}.Release|x64.ActiveCfg = Release|Any CPU
		{8C48CB16-BA12-49F5-81E6-35C049C959EE}.Release|x64.Build.0 = Release|Any CPU
		{8C48CB16-BA12-49F5-81E6-35C049C959EE}.Release|x86.ActiveCfg = Release|Any CPU
		{8C48CB16-BA12-49F5-81E6-35C049C959EE}.Release|x86.Build.0 = Release|Any CPU
		{4DDE8761-F4BE-4125-9D9A-E9D18FD181D7}.Debug|Any CPU.ActiveCfg = Debug|Any CPU
		{4DDE8761-F4BE-4125-9D9A-E9D18FD181D7}.Debug|Any CPU.Build.0 = Debug|Any CPU
		{4DDE8761-F4BE-4125-9D9A-E9D18FD181D7}.Debug|x64.ActiveCfg = Debug|Any CPU
		{4DDE8761-F4BE-4125-9D9A-E9D18FD181D7}.Debug|x64.Build.0 = Debug|Any CPU
		{4DDE8761-F4BE-4125-9D9A-E9D18FD181D7}.Debug|x86.ActiveCfg = Debug|Any CPU
		{4DDE8761-F4BE-4125-9D9A-E9D18FD181D7}.Debug|x86.Build.0 = Debug|Any CPU
		{4DDE8761-F4BE-4125-9D9A-E9D18FD181D7}.Release|Any CPU.ActiveCfg = Release|Any CPU
		{4DDE8761-F4BE-4125-9D9A-E9D18FD181D7}.Release|Any CPU.Build.0 = Release|Any CPU
		{4DDE8761-F4BE-4125-9D9A-E9D18FD181D7}.Release|x64.ActiveCfg = Release|Any CPU
		{4DDE8761-F4BE-4125-9D9A-E9D18FD181D7}.Release|x64.Build.0 = Release|Any CPU
		{4DDE8761-F4BE-4125-9D9A-E9D18FD181D7}.Release|x86.ActiveCfg = Release|Any CPU
		{4DDE8761-F4BE-4125-9D9A-E9D18FD181D7}.Release|x86.Build.0 = Release|Any CPU
	EndGlobalSection
EndGlobal
